
Microsoft Visual Studio Solution File, Format Version 12.00
# Visual Studio Version 16
VisualStudioVersion = 16.0.30413.136
MinimumVisualStudioVersion = 10.0.40219.1
Project("{FAE04EC0-301F-11D3-BF4B-00C04F79EFBC}") = "deliverable 2", "deliverable 2\deliverable 2.csproj", "{FA58A61A-E31C-41DB-AF41-BDE3ECD5347C}"
EndProject
Global
	GlobalSection(SolutionConfigurationPlatforms) = preSolution
		Debug|Any CPU = Debug|Any CPU
		Release|Any CPU = Release|Any CPU
	EndGlobalSection
	GlobalSection(ProjectConfigurationPlatforms) = postSolution
		{FA58A61A-E31C-41DB-AF41-BDE3ECD5347C}.Debug|Any CPU.ActiveCfg = Debug|Any CPU
		{FA58A61A-E31C-41DB-AF41-BDE3ECD5347C}.Debug|Any CPU.Build.0 = Debug|Any CPU
		{FA58A61A-E31C-41DB-AF41-BDE3ECD5347C}.Release|Any CPU.ActiveCfg = Release|Any CPU
		{FA58A61A-E31C-41DB-AF41-BDE3ECD5347C}.Release|Any CPU.Build.0 = Release|Any CPU
	EndGlobalSection
	GlobalSection(SolutionProperties) = preSolution
		HideSolutionNode = FALSE
	EndGlobalSection
	GlobalSection(ExtensibilityGlobals) = postSolution
		SolutionGuid = {2F54526D-188F-4BB8-80E4-C97411ACC05A}
	EndGlobalSection
EndGlobal
